
Microsoft Visual Studio Solution File, Format Version 12.00
# Visual Studio Version 17
VisualStudioVersion = 17.10.35027.167
MinimumVisualStudioVersion = 10.0.40219.1
Project("{9A19103F-16F7-4668-BE54-9A1E7A4F7556}") = "Pelusas.Consola", "Pelusas.Consola\Pelusas.Consola.csproj", "{25210586-A691-4BC5-B373-FDD4199CA994}"
EndProject
Project("{9A19103F-16F7-4668-BE54-9A1E7A4F7556}") = "Pelusas.Logica", "Pelusas.Logica\Pelusas.Logica.csproj", "{B19F0EA7-DD1B-4013-A200-52C7D41D4E29}"
EndProject
Project("{9A19103F-16F7-4668-BE54-9A1E7A4F7556}") = "Pelusas.Estrategias", "Pelusas.Estrategias\Pelusas.Estrategias.csproj", "{13589D01-47B3-485C-B45F-BBF9F50C02C5}"
EndProject
Project("{2150E333-8FDC-42A3-9474-1A3956D46DE8}") = "Solution Items", "Solution Items", "{1FA0A5AE-EE46-4D8A-B9B6-D31B270E5BF5}"
	ProjectSection(SolutionItems) = preProject
		Directory.Build.props = Directory.Build.props
	EndProjectSection
EndProject
Global
	GlobalSection(SolutionConfigurationPlatforms) = preSolution
		Debug|Any CPU = Debug|Any CPU
		Release|Any CPU = Release|Any CPU
	EndGlobalSection
	GlobalSection(ProjectConfigurationPlatforms) = postSolution
		{25210586-A691-4BC5-B373-FDD4199CA994}.Debug|Any CPU.ActiveCfg = Debug|Any CPU
		{25210586-A691-4BC5-B373-FDD4199CA994}.Debug|Any CPU.Build.0 = Debug|Any CPU
		{25210586-A691-4BC5-B373-FDD4199CA994}.Release|Any CPU.ActiveCfg = Release|Any CPU
		{25210586-A691-4BC5-B373-FDD4199CA994}.Release|Any CPU.Build.0 = Release|Any CPU
		{B19F0EA7-DD1B-4013-A200-52C7D41D4E29}.Debug|Any CPU.ActiveCfg = Debug|Any CPU
		{B19F0EA7-DD1B-4013-A200-52C7D41D4E29}.Debug|Any CPU.Build.0 = Debug|Any CPU
		{B19F0EA7-DD1B-4013-A200-52C7D41D4E29}.Release|Any CPU.ActiveCfg = Release|Any CPU
		{B19F0EA7-DD1B-4013-A200-52C7D41D4E29}.Release|Any CPU.Build.0 = Release|Any CPU
		{13589D01-47B3-485C-B45F-BBF9F50C02C5}.Debug|Any CPU.ActiveCfg = Debug|Any CPU
		{13589D01-47B3-485C-B45F-BBF9F50C02C5}.Debug|Any CPU.Build.0 = Debug|Any CPU
		{13589D01-47B3-485C-B45F-BBF9F50C02C5}.Release|Any CPU.ActiveCfg = Release|Any CPU
		{13589D01-47B3-485C-B45F-BBF9F50C02C5}.Release|Any CPU.Build.0 = Release|Any CPU
	EndGlobalSection
	GlobalSection(SolutionProperties) = preSolution
		HideSolutionNode = FALSE
	EndGlobalSection
	GlobalSection(ExtensibilityGlobals) = postSolution
		SolutionGuid = {635D0023-3BAA-4A16-8241-6380F2F4E61C}
	EndGlobalSection
EndGlobal
